
Microsoft Visual Studio Solution File, Format Version 12.00
# Visual Studio Version 16
VisualStudioVersion = 16.0.29201.188
MinimumVisualStudioVersion = 10.0.40219.1
Project("{FAE04EC0-301F-11D3-BF4B-00C04F79EFBC}") = "ExperimentApp", "ExperimentApp.csproj", "{66F132DE-3858-4629-B5C8-8A424B51620D}"
EndProject
Global
	GlobalSection(SolutionConfigurationPlatforms) = preSolution
		Debug|Any CPU = Debug|Any CPU
		Release|Any CPU = Release|Any CPU
	EndGlobalSection
	GlobalSection(ProjectConfigurationPlatforms) = postSolution
		{66F132DE-3858-4629-B5C8-8A424B51620D}.Debug|Any CPU.ActiveCfg = Debug|Any CPU
		{66F132DE-3858-4629-B5C8-8A424B51620D}.Debug|Any CPU.Build.0 = Debug|Any CPU
		{66F132DE-3858-4629-B5C8-8A424B51620D}.Release|Any CPU.ActiveCfg = Release|Any CPU
		{66F132DE-3858-4629-B5C8-8A424B51620D}.Release|Any CPU.Build.0 = Release|Any CPU
	EndGlobalSection
	GlobalSection(SolutionProperties) = preSolution
		HideSolutionNode = FALSE
	EndGlobalSection
	GlobalSection(ExtensibilityGlobals) = postSolution
		SolutionGuid = {58756614-5893-4BA6-A82C-5E389FB34CA7}
	EndGlobalSection
EndGlobal
